
Microsoft Visual Studio Solution File, Format Version 12.00
# Visual Studio 14
VisualStudioVersion = 14.0.23107.0
MinimumVisualStudioVersion = 10.0.40219.1
Project("{FAE04EC0-301F-11D3-BF4B-00C04F79EFBC}") = "ZimmerBot.Core", "ZimmerBot.Core\ZimmerBot.Core.csproj", "{8EC30AE6-170E-4621-AE14-4A3985E3D062}"
EndProject
Project("{FAE04EC0-301F-11D3-BF4B-00C04F79EFBC}") = "ZimmerBot.Console", "ZimmerBot.Console\ZimmerBot.Console.csproj", "{7A617D74-1F64-4CDB-B72F-3ACA0934B09C}"
EndProject
Project("{FAE04EC0-301F-11D3-BF4B-00C04F79EFBC}") = "ZimmerBot.Core.Tests", "ZimmerBot.Core.Tests\ZimmerBot.Core.Tests.csproj", "{98006B05-07ED-4664-84EC-D1B3E3F99274}"
EndProject
Project("{FAE04EC0-301F-11D3-BF4B-00C04F79EFBC}") = "ZimmerBotEliza", "ZimmerBotEliza\ZimmerBotEliza.csproj", "{7696547A-B1FC-4237-9F74-FFE3641A2F46}"
EndProject
Project("{FAE04EC0-301F-11D3-BF4B-00C04F79EFBC}") = "Rejseplanen.ZimmerBot.AddOn", "Rejseplanen.ZimmerBot.AddOn\Rejseplanen.ZimmerBot.AddOn.csproj", "{5D3573AE-AD9F-4CCA-8779-F117077B7EAE}"
EndProject
Project("{2150E333-8FDC-42A3-9474-1A3956D46DE8}") = "AddOns", "AddOns", "{DA18A7CE-7F59-4CDD-9221-3D97866581B2}"
EndProject
Project("{2150E333-8FDC-42A3-9474-1A3956D46DE8}") = "Documents", "Documents", "{9C0A35DA-0017-418B-BFEA-8BFCAAA1ABEF}"
	ProjectSection(SolutionItems) = preProject
		LICENSE = LICENSE
		README.md = README.md
	EndProjectSection
EndProject
Project("{2150E333-8FDC-42A3-9474-1A3956D46DE8}") = "Examples", "Examples", "{0013B72B-EC79-47AD-B8E9-4E2A60D899DE}"
EndProject
Project("{2150E333-8FDC-42A3-9474-1A3956D46DE8}") = "da-DK", "da-DK", "{2BEB86D2-57E2-4DC9-9C0C-E71223688FE6}"
	ProjectSection(SolutionItems) = preProject
		Examples\da-DK\date-time.zbot = Examples\da-DK\date-time.zbot
		Examples\da-DK\film.zbot = Examples\da-DK\film.zbot
	EndProjectSection
EndProject
Global
	GlobalSection(SolutionConfigurationPlatforms) = preSolution
		Debug|Any CPU = Debug|Any CPU
		Release|Any CPU = Release|Any CPU
	EndGlobalSection
	GlobalSection(ProjectConfigurationPlatforms) = postSolution
		{8EC30AE6-170E-4621-AE14-4A3985E3D062}.Debug|Any CPU.ActiveCfg = Debug|Any CPU
		{8EC30AE6-170E-4621-AE14-4A3985E3D062}.Debug|Any CPU.Build.0 = Debug|Any CPU
		{8EC30AE6-170E-4621-AE14-4A3985E3D062}.Release|Any CPU.ActiveCfg = Release|Any CPU
		{8EC30AE6-170E-4621-AE14-4A3985E3D062}.Release|Any CPU.Build.0 = Release|Any CPU
		{7A617D74-1F64-4CDB-B72F-3ACA0934B09C}.Debug|Any CPU.ActiveCfg = Debug|Any CPU
		{7A617D74-1F64-4CDB-B72F-3ACA0934B09C}.Debug|Any CPU.Build.0 = Debug|Any CPU
		{7A617D74-1F64-4CDB-B72F-3ACA0934B09C}.Release|Any CPU.ActiveCfg = Release|Any CPU
		{7A617D74-1F64-4CDB-B72F-3ACA0934B09C}.Release|Any CPU.Build.0 = Release|Any CPU
		{98006B05-07ED-4664-84EC-D1B3E3F99274}.Debug|Any CPU.ActiveCfg = Debug|Any CPU
		{98006B05-07ED-4664-84EC-D1B3E3F99274}.Debug|Any CPU.Build.0 = Debug|Any CPU
		{98006B05-07ED-4664-84EC-D1B3E3F99274}.Release|Any CPU.ActiveCfg = Release|Any CPU
		{98006B05-07ED-4664-84EC-D1B3E3F99274}.Release|Any CPU.Build.0 = Release|Any CPU
		{7696547A-B1FC-4237-9F74-FFE3641A2F46}.Debug|Any CPU.ActiveCfg = Debug|Any CPU
		{7696547A-B1FC-4237-9F74-FFE3641A2F46}.Debug|Any CPU.Build.0 = Debug|Any CPU
		{7696547A-B1FC-4237-9F74-FFE3641A2F46}.Release|Any CPU.ActiveCfg = Release|Any CPU
		{7696547A-B1FC-4237-9F74-FFE3641A2F46}.Release|Any CPU.Build.0 = Release|Any CPU
		{5D3573AE-AD9F-4CCA-8779-F117077B7EAE}.Debug|Any CPU.ActiveCfg = Debug|Any CPU
		{5D3573AE-AD9F-4CCA-8779-F117077B7EAE}.Debug|Any CPU.Build.0 = Debug|Any CPU
		{5D3573AE-AD9F-4CCA-8779-F117077B7EAE}.Release|Any CPU.ActiveCfg = Release|Any CPU
		{5D3573AE-AD9F-4CCA-8779-F117077B7EAE}.Release|Any CPU.Build.0 = Release|Any CPU
	EndGlobalSection
	GlobalSection(SolutionProperties) = preSolution
		HideSolutionNode = FALSE
	EndGlobalSection
	GlobalSection(NestedProjects) = preSolution
		{5D3573AE-AD9F-4CCA-8779-F117077B7EAE} = {DA18A7CE-7F59-4CDD-9221-3D97866581B2}
		{2BEB86D2-57E2-4DC9-9C0C-E71223688FE6} = {0013B72B-EC79-47AD-B8E9-4E2A60D899DE}
	EndGlobalSection
EndGlobal
