
Microsoft Visual Studio Solution File, Format Version 12.00
# Visual Studio Version 16
VisualStudioVersion = 16.0.30011.22
MinimumVisualStudioVersion = 10.0.40219.1
Project("{FAE04EC0-301F-11D3-BF4B-00C04F79EFBC}") = "ZimmerBot.Core", "ZimmerBot.Core\ZimmerBot.Core.csproj", "{8EC30AE6-170E-4621-AE14-4A3985E3D062}"
EndProject
Project("{FAE04EC0-301F-11D3-BF4B-00C04F79EFBC}") = "ZimmerBot.Console", "ZimmerBot.Console\ZimmerBot.Console.csproj", "{7A617D74-1F64-4CDB-B72F-3ACA0934B09C}"
EndProject
Project("{FAE04EC0-301F-11D3-BF4B-00C04F79EFBC}") = "ZimmerBot.Core.Tests", "ZimmerBot.Core.Tests\ZimmerBot.Core.Tests.csproj", "{98006B05-07ED-4664-84EC-D1B3E3F99274}"
EndProject
Project("{FAE04EC0-301F-11D3-BF4B-00C04F79EFBC}") = "ZimmerBotEliza", "ZimmerBotEliza\ZimmerBotEliza.csproj", "{7696547A-B1FC-4237-9F74-FFE3641A2F46}"
EndProject
Project("{FAE04EC0-301F-11D3-BF4B-00C04F79EFBC}") = "Rejseplanen.ZimmerBot.AddOn", "Rejseplanen.ZimmerBot.AddOn\Rejseplanen.ZimmerBot.AddOn.csproj", "{5D3573AE-AD9F-4CCA-8779-F117077B7EAE}"
EndProject
Project("{2150E333-8FDC-42A3-9474-1A3956D46DE8}") = "AddOns", "AddOns", "{DA18A7CE-7F59-4CDD-9221-3D97866581B2}"
EndProject
Project("{2150E333-8FDC-42A3-9474-1A3956D46DE8}") = "Documents", "Documents", "{9C0A35DA-0017-418B-BFEA-8BFCAAA1ABEF}"
	ProjectSection(SolutionItems) = preProject
		LICENSE = LICENSE
		README.md = README.md
		ZimmerBotTests.config = ZimmerBotTests.config
	EndProjectSection
EndProject
Project("{2150E333-8FDC-42A3-9474-1A3956D46DE8}") = "Examples", "Examples", "{F07C2A81-66BD-49CE-B605-42D78B85AB9F}"
	ProjectSection(SolutionItems) = preProject
		Examples\rdf.zbot = Examples\rdf.zbot
	EndProjectSection
EndProject
Project("{2150E333-8FDC-42A3-9474-1A3956D46DE8}") = "da-DK", "da-DK", "{EF8EBC4A-F8D7-4FD1-B690-B8E37A197033}"
	ProjectSection(SolutionItems) = preProject
		Examples\da-DK\a_kæledyr.zbot = Examples\da-DK\a_kæledyr.zbot
		Examples\da-DK\chatinfo.zbot = Examples\da-DK\chatinfo.zbot
		Examples\da-DK\citater.ttl = Examples\da-DK\citater.ttl
		Examples\da-DK\citater.zbot = Examples\da-DK\citater.zbot
		Examples\da-DK\dato-tid.zbot = Examples\da-DK\dato-tid.zbot
		Examples\da-DK\farver.zbot = Examples\da-DK\farver.zbot
		Examples\da-DK\generelt.zbot = Examples\da-DK\generelt.zbot
		Examples\da-DK\genveje-til-debug.zbot = Examples\da-DK\genveje-til-debug.zbot
		Examples\da-DK\personer.ttl = Examples\da-DK\personer.ttl
		Examples\da-DK\personer.zbot = Examples\da-DK\personer.zbot
	EndProjectSection
EndProject
Project("{FAE04EC0-301F-11D3-BF4B-00C04F79EFBC}") = "OpenWeatherMap.ZimmerBot.AddOn", "OpenWeatherMap.ZimmerBot.AddOn\OpenWeatherMap.ZimmerBot.AddOn.csproj", "{2EE9FC87-7A7C-4DBA-942B-4EF0AAA5B4B5}"
EndProject
Project("{FAE04EC0-301F-11D3-BF4B-00C04F79EFBC}") = "Holidays.ZimmerBot.AddOn", "Holidays.ZimmerBot.AddOn\Holidays.ZimmerBot.AddOn.csproj", "{F254DC75-4928-4970-B2F2-FA193D312950}"
EndProject
Global
	GlobalSection(SolutionConfigurationPlatforms) = preSolution
		Debug|Any CPU = Debug|Any CPU
		Release|Any CPU = Release|Any CPU
	EndGlobalSection
	GlobalSection(ProjectConfigurationPlatforms) = postSolution
		{8EC30AE6-170E-4621-AE14-4A3985E3D062}.Debug|Any CPU.ActiveCfg = Debug|Any CPU
		{8EC30AE6-170E-4621-AE14-4A3985E3D062}.Debug|Any CPU.Build.0 = Debug|Any CPU
		{8EC30AE6-170E-4621-AE14-4A3985E3D062}.Release|Any CPU.ActiveCfg = Release|Any CPU
		{8EC30AE6-170E-4621-AE14-4A3985E3D062}.Release|Any CPU.Build.0 = Release|Any CPU
		{7A617D74-1F64-4CDB-B72F-3ACA0934B09C}.Debug|Any CPU.ActiveCfg = Debug|Any CPU
		{7A617D74-1F64-4CDB-B72F-3ACA0934B09C}.Debug|Any CPU.Build.0 = Debug|Any CPU
		{7A617D74-1F64-4CDB-B72F-3ACA0934B09C}.Release|Any CPU.ActiveCfg = Release|Any CPU
		{7A617D74-1F64-4CDB-B72F-3ACA0934B09C}.Release|Any CPU.Build.0 = Release|Any CPU
		{98006B05-07ED-4664-84EC-D1B3E3F99274}.Debug|Any CPU.ActiveCfg = Debug|Any CPU
		{98006B05-07ED-4664-84EC-D1B3E3F99274}.Debug|Any CPU.Build.0 = Debug|Any CPU
		{98006B05-07ED-4664-84EC-D1B3E3F99274}.Release|Any CPU.ActiveCfg = Release|Any CPU
		{98006B05-07ED-4664-84EC-D1B3E3F99274}.Release|Any CPU.Build.0 = Release|Any CPU
		{7696547A-B1FC-4237-9F74-FFE3641A2F46}.Debug|Any CPU.ActiveCfg = Debug|Any CPU
		{7696547A-B1FC-4237-9F74-FFE3641A2F46}.Debug|Any CPU.Build.0 = Debug|Any CPU
		{7696547A-B1FC-4237-9F74-FFE3641A2F46}.Release|Any CPU.ActiveCfg = Release|Any CPU
		{7696547A-B1FC-4237-9F74-FFE3641A2F46}.Release|Any CPU.Build.0 = Release|Any CPU
		{5D3573AE-AD9F-4CCA-8779-F117077B7EAE}.Debug|Any CPU.ActiveCfg = Debug|Any CPU
		{5D3573AE-AD9F-4CCA-8779-F117077B7EAE}.Debug|Any CPU.Build.0 = Debug|Any CPU
		{5D3573AE-AD9F-4CCA-8779-F117077B7EAE}.Release|Any CPU.ActiveCfg = Release|Any CPU
		{5D3573AE-AD9F-4CCA-8779-F117077B7EAE}.Release|Any CPU.Build.0 = Release|Any CPU
		{2EE9FC87-7A7C-4DBA-942B-4EF0AAA5B4B5}.Debug|Any CPU.ActiveCfg = Debug|Any CPU
		{2EE9FC87-7A7C-4DBA-942B-4EF0AAA5B4B5}.Debug|Any CPU.Build.0 = Debug|Any CPU
		{2EE9FC87-7A7C-4DBA-942B-4EF0AAA5B4B5}.Release|Any CPU.ActiveCfg = Release|Any CPU
		{2EE9FC87-7A7C-4DBA-942B-4EF0AAA5B4B5}.Release|Any CPU.Build.0 = Release|Any CPU
		{F254DC75-4928-4970-B2F2-FA193D312950}.Debug|Any CPU.ActiveCfg = Debug|Any CPU
		{F254DC75-4928-4970-B2F2-FA193D312950}.Debug|Any CPU.Build.0 = Debug|Any CPU
		{F254DC75-4928-4970-B2F2-FA193D312950}.Release|Any CPU.ActiveCfg = Release|Any CPU
		{F254DC75-4928-4970-B2F2-FA193D312950}.Release|Any CPU.Build.0 = Release|Any CPU
	EndGlobalSection
	GlobalSection(SolutionProperties) = preSolution
		HideSolutionNode = FALSE
	EndGlobalSection
	GlobalSection(NestedProjects) = preSolution
		{5D3573AE-AD9F-4CCA-8779-F117077B7EAE} = {DA18A7CE-7F59-4CDD-9221-3D97866581B2}
		{EF8EBC4A-F8D7-4FD1-B690-B8E37A197033} = {F07C2A81-66BD-49CE-B605-42D78B85AB9F}
		{2EE9FC87-7A7C-4DBA-942B-4EF0AAA5B4B5} = {DA18A7CE-7F59-4CDD-9221-3D97866581B2}
		{F254DC75-4928-4970-B2F2-FA193D312950} = {DA18A7CE-7F59-4CDD-9221-3D97866581B2}
	EndGlobalSection
	GlobalSection(ExtensibilityGlobals) = postSolution
		SolutionGuid = {8E08B51A-A1EF-4158-912F-178976F52088}
	EndGlobalSection
EndGlobal
